// !$*UTF8*$!
{
	archiveVersion = 1;
	classes = {
	};
	objectVersion = 50;
	objects = {

/* Begin PBXBuildFile section */
		E12102F725F612D30060A8E8 /* AppDelegate.swift in Sources */ = {isa = PBXBuildFile; fileRef = E12102F625F612D30060A8E8 /* AppDelegate.swift */; };
		E12102F925F612D30060A8E8 /* SceneDelegate.swift in Sources */ = {isa = PBXBuildFile; fileRef = E12102F825F612D30060A8E8 /* SceneDelegate.swift */; };
		E12102FB25F612D30060A8E8 /* ViewController.swift in Sources */ = {isa = PBXBuildFile; fileRef = E12102FA25F612D30060A8E8 /* ViewController.swift */; };
		E12102FE25F612D30060A8E8 /* Main.storyboard in Resources */ = {isa = PBXBuildFile; fileRef = E12102FC25F612D30060A8E8 /* Main.storyboard */; };
		E121030025F612D30060A8E8 /* Assets.xcassets in Resources */ = {isa = PBXBuildFile; fileRef = E12102FF25F612D30060A8E8 /* Assets.xcassets */; };
		E121030325F612D30060A8E8 /* LaunchScreen.storyboard in Resources */ = {isa = PBXBuildFile; fileRef = E121030125F612D30060A8E8 /* LaunchScreen.storyboard */; };
		E121030E25F612D40060A8E8 /* UdderTests.swift in Sources */ = {isa = PBXBuildFile; fileRef = E121030D25F612D40060A8E8 /* UdderTests.swift */; };
		E121031925F612D40060A8E8 /* UdderUITests.swift in Sources */ = {isa = PBXBuildFile; fileRef = E121031825F612D40060A8E8 /* UdderUITests.swift */; };
/* End PBXBuildFile section */

/* Begin PBXContainerItemProxy section */
		E121030A25F612D40060A8E8 /* PBXContainerItemProxy */ = {
			isa = PBXContainerItemProxy;
			containerPortal = E12102EB25F612D30060A8E8 /* Project object */;
			proxyType = 1;
			remoteGlobalIDString = E12102F225F612D30060A8E8;
			remoteInfo = Udder;
		};
		E121031525F612D40060A8E8 /* PBXContainerItemProxy */ = {
			isa = PBXContainerItemProxy;
			containerPortal = E12102EB25F612D30060A8E8 /* Project object */;
			proxyType = 1;
			remoteGlobalIDString = E12102F225F612D30060A8E8;
			remoteInfo = Udder;
		};
/* End PBXContainerItemProxy section */

/* Begin PBXFileReference section */
		E12102F325F612D30060A8E8 /* Udder.app */ = {isa = PBXFileReference; explicitFileType = wrapper.application; includeInIndex = 0; path = Udder.app; sourceTree = BUILT_PRODUCTS_DIR; };
		E12102F625F612D30060A8E8 /* AppDelegate.swift */ = {isa = PBXFileReference; lastKnownFileType = sourcecode.swift; path = AppDelegate.swift; sourceTree = "<group>"; };
		E12102F825F612D30060A8E8 /* SceneDelegate.swift */ = {isa = PBXFileReference; lastKnownFileType = sourcecode.swift; path = SceneDelegate.swift; sourceTree = "<group>"; };
		E12102FA25F612D30060A8E8 /* ViewController.swift */ = {isa = PBXFileReference; lastKnownFileType = sourcecode.swift; path = ViewController.swift; sourceTree = "<group>"; };
		E12102FD25F612D30060A8E8 /* Base */ = {isa = PBXFileReference; lastKnownFileType = file.storyboard; name = Base; path = Base.lproj/Main.storyboard; sourceTree = "<group>"; };
		E12102FF25F612D30060A8E8 /* Assets.xcassets */ = {isa = PBXFileReference; lastKnownFileType = folder.assetcatalog; path = Assets.xcassets; sourceTree = "<group>"; };
		E121030225F612D30060A8E8 /* Base */ = {isa = PBXFileReference; lastKnownFileType = file.storyboard; name = Base; path = Base.lproj/LaunchScreen.storyboard; sourceTree = "<group>"; };
		E121030425F612D30060A8E8 /* Info.plist */ = {isa = PBXFileReference; lastKnownFileType = text.plist.xml; path = Info.plist; sourceTree = "<group>"; };
		E121030925F612D40060A8E8 /* UdderTests.xctest */ = {isa = PBXFileReference; explicitFileType = wrapper.cfbundle; includeInIndex = 0; path = UdderTests.xctest; sourceTree = BUILT_PRODUCTS_DIR; };
		E121030D25F612D40060A8E8 /* UdderTests.swift */ = {isa = PBXFileReference; lastKnownFileType = sourcecode.swift; path = UdderTests.swift; sourceTree = "<group>"; };
		E121030F25F612D40060A8E8 /* Info.plist */ = {isa = PBXFileReference; lastKnownFileType = text.plist.xml; path = Info.plist; sourceTree = "<group>"; };
		E121031425F612D40060A8E8 /* UdderUITests.xctest */ = {isa = PBXFileReference; explicitFileType = wrapper.cfbundle; includeInIndex = 0; path = UdderUITests.xctest; sourceTree = BUILT_PRODUCTS_DIR; };
		E121031825F612D40060A8E8 /* UdderUITests.swift */ = {isa = PBXFileReference; lastKnownFileType = sourcecode.swift; path = UdderUITests.swift; sourceTree = "<group>"; };
		E121031A25F612D40060A8E8 /* Info.plist */ = {isa = PBXFileReference; lastKnownFileType = text.plist.xml; path = Info.plist; sourceTree = "<group>"; };
/* End PBXFileReference section */

/* Begin PBXFrameworksBuildPhase section */
		E12102F025F612D30060A8E8 /* Frameworks */ = {
			isa = PBXFrameworksBuildPhase;
			buildActionMask = 2147483647;
			files = (
			);
			runOnlyForDeploymentPostprocessing = 0;
		};
		E121030625F612D40060A8E8 /* Frameworks */ = {
			isa = PBXFrameworksBuildPhase;
			buildActionMask = 2147483647;
			files = (
			);
			runOnlyForDeploymentPostprocessing = 0;
		};
		E121031125F612D40060A8E8 /* Frameworks */ = {
			isa = PBXFrameworksBuildPhase;
			buildActionMask = 2147483647;
			files = (
			);
			runOnlyForDeploymentPostprocessing = 0;
		};
/* End PBXFrameworksBuildPhase section */

/* Begin PBXGroup section */
		E12102EA25F612D30060A8E8 = {
			isa = PBXGroup;
			children = (
				E12102F525F612D30060A8E8 /* Udder */,
				E121030C25F612D40060A8E8 /* UdderTests */,
				E121031725F612D40060A8E8 /* UdderUITests */,
				E12102F425F612D30060A8E8 /* Products */,
			);
			sourceTree = "<group>";
		};
		E12102F425F612D30060A8E8 /* Products */ = {
			isa = PBXGroup;
			children = (
				E12102F325F612D30060A8E8 /* Udder.app */,
				E121030925F612D40060A8E8 /* UdderTests.xctest */,
				E121031425F612D40060A8E8 /* UdderUITests.xctest */,
			);
			name = Products;
			sourceTree = "<group>";
		};
		E12102F525F612D30060A8E8 /* Udder */ = {
			isa = PBXGroup;
			children = (
				E12102F625F612D30060A8E8 /* AppDelegate.swift */,
				E12102F825F612D30060A8E8 /* SceneDelegate.swift */,
				E12102FA25F612D30060A8E8 /* ViewController.swift */,
				E12102FC25F612D30060A8E8 /* Main.storyboard */,
				E12102FF25F612D30060A8E8 /* Assets.xcassets */,
				E121030125F612D30060A8E8 /* LaunchScreen.storyboard */,
				E121030425F612D30060A8E8 /* Info.plist */,
			);
			path = Udder;
			sourceTree = "<group>";
		};
		E121030C25F612D40060A8E8 /* UdderTests */ = {
			isa = PBXGroup;
			children = (
				E121030D25F612D40060A8E8 /* UdderTests.swift */,
				E121030F25F612D40060A8E8 /* Info.plist */,
			);
			path = UdderTests;
			sourceTree = "<group>";
		};
		E121031725F612D40060A8E8 /* UdderUITests */ = {
			isa = PBXGroup;
			children = (
				E121031825F612D40060A8E8 /* UdderUITests.swift */,
				E121031A25F612D40060A8E8 /* Info.plist */,
			);
			path = UdderUITests;
			sourceTree = "<group>";
		};
/* End PBXGroup section */

/* Begin PBXNativeTarget section */
		E12102F225F612D30060A8E8 /* Udder */ = {
			isa = PBXNativeTarget;
			buildConfigurationList = E121031D25F612D40060A8E8 /* Build configuration list for PBXNativeTarget "Udder" */;
			buildPhases = (
				E12102EF25F612D30060A8E8 /* Sources */,
				E12102F025F612D30060A8E8 /* Frameworks */,
				E12102F125F612D30060A8E8 /* Resources */,
			);
			buildRules = (
			);
			dependencies = (
			);
			name = Udder;
			productName = Udder;
			productReference = E12102F325F612D30060A8E8 /* Udder.app */;
			productType = "com.apple.product-type.application";
		};
		E121030825F612D40060A8E8 /* UdderTests */ = {
			isa = PBXNativeTarget;
			buildConfigurationList = E121032025F612D40060A8E8 /* Build configuration list for PBXNativeTarget "UdderTests" */;
			buildPhases = (
				E121030525F612D40060A8E8 /* Sources */,
				E121030625F612D40060A8E8 /* Frameworks */,
				E121030725F612D40060A8E8 /* Resources */,
			);
			buildRules = (
			);
			dependencies = (
				E121030B25F612D40060A8E8 /* PBXTargetDependency */,
			);
			name = UdderTests;
			productName = UdderTests;
			productReference = E121030925F612D40060A8E8 /* UdderTests.xctest */;
			productType = "com.apple.product-type.bundle.unit-test";
		};
		E121031325F612D40060A8E8 /* UdderUITests */ = {
			isa = PBXNativeTarget;
			buildConfigurationList = E121032325F612D40060A8E8 /* Build configuration list for PBXNativeTarget "UdderUITests" */;
			buildPhases = (
				E121031025F612D40060A8E8 /* Sources */,
				E121031125F612D40060A8E8 /* Frameworks */,
				E121031225F612D40060A8E8 /* Resources */,
			);
			buildRules = (
			);
			dependencies = (
				E121031625F612D40060A8E8 /* PBXTargetDependency */,
			);
			name = UdderUITests;
			productName = UdderUITests;
			productReference = E121031425F612D40060A8E8 /* UdderUITests.xctest */;
			productType = "com.apple.product-type.bundle.ui-testing";
		};
/* End PBXNativeTarget section */

/* Begin PBXProject section */
		E12102EB25F612D30060A8E8 /* Project object */ = {
			isa = PBXProject;
			attributes = {
				LastSwiftUpdateCheck = 1210;
				LastUpgradeCheck = 1210;
				TargetAttributes = {
					E12102F225F612D30060A8E8 = {
						CreatedOnToolsVersion = 12.1;
					};
					E121030825F612D40060A8E8 = {
						CreatedOnToolsVersion = 12.1;
						TestTargetID = E12102F225F612D30060A8E8;
					};
					E121031325F612D40060A8E8 = {
						CreatedOnToolsVersion = 12.1;
						TestTargetID = E12102F225F612D30060A8E8;
					};
				};
			};
			buildConfigurationList = E12102EE25F612D30060A8E8 /* Build configuration list for PBXProject "Udder" */;
			compatibilityVersion = "Xcode 9.3";
			developmentRegion = en;
			hasScannedForEncodings = 0;
			knownRegions = (
				en,
				Base,
			);
			mainGroup = E12102EA25F612D30060A8E8;
			productRefGroup = E12102F425F612D30060A8E8 /* Products */;
			projectDirPath = "";
			projectRoot = "";
			targets = (
				E12102F225F612D30060A8E8 /* Udder */,
				E121030825F612D40060A8E8 /* UdderTests */,
				E121031325F612D40060A8E8 /* UdderUITests */,
			);
		};
/* End PBXProject section */

/* Begin PBXResourcesBuildPhase section */
		E12102F125F612D30060A8E8 /* Resources */ = {
			isa = PBXResourcesBuildPhase;
			buildActionMask = 2147483647;
			files = (
				E121030325F612D30060A8E8 /* LaunchScreen.storyboard in Resources */,
				E121030025F612D30060A8E8 /* Assets.xcassets in Resources */,
				E12102FE25F612D30060A8E8 /* Main.storyboard in Resources */,
			);
			runOnlyForDeploymentPostprocessing = 0;
		};
		E121030725F612D40060A8E8 /* Resources */ = {
			isa = PBXResourcesBuildPhase;
			buildActionMask = 2147483647;
			files = (
			);
			runOnlyForDeploymentPostprocessing = 0;
		};
		E121031225F612D40060A8E8 /* Resources */ = {
			isa = PBXResourcesBuildPhase;
			buildActionMask = 2147483647;
			files = (
			);
			runOnlyForDeploymentPostprocessing = 0;
		};
/* End PBXResourcesBuildPhase section */

/* Begin PBXSourcesBuildPhase section */
		E12102EF25F612D30060A8E8 /* Sources */ = {
			isa = PBXSourcesBuildPhase;
			buildActionMask = 2147483647;
			files = (
				E12102FB25F612D30060A8E8 /* ViewController.swift in Sources */,
				E12102F725F612D30060A8E8 /* AppDelegate.swift in Sources */,
				E12102F925F612D30060A8E8 /* SceneDelegate.swift in Sources */,
			);
			runOnlyForDeploymentPostprocessing = 0;
		};
		E121030525F612D40060A8E8 /* Sources */ = {
			isa = PBXSourcesBuildPhase;
			buildActionMask = 2147483647;
			files = (
				E121030E25F612D40060A8E8 /* UdderTests.swift in Sources */,
			);
			runOnlyForDeploymentPostprocessing = 0;
		};
		E121031025F612D40060A8E8 /* Sources */ = {
			isa = PBXSourcesBuildPhase;
			buildActionMask = 2147483647;
			files = (
				E121031925F612D40060A8E8 /* UdderUITests.swift in Sources */,
			);
			runOnlyForDeploymentPostprocessing = 0;
		};
/* End PBXSourcesBuildPhase section */

/* Begin PBXTargetDependency section */
		E121030B25F612D40060A8E8 /* PBXTargetDependency */ = {
			isa = PBXTargetDependency;
			target = E12102F225F612D30060A8E8 /* Udder */;
			targetProxy = E121030A25F612D40060A8E8 /* PBXContainerItemProxy */;
		};
		E121031625F612D40060A8E8 /* PBXTargetDependency */ = {
			isa = PBXTargetDependency;
			target = E12102F225F612D30060A8E8 /* Udder */;
			targetProxy = E121031525F612D40060A8E8 /* PBXContainerItemProxy */;
		};
/* End PBXTargetDependency section */

/* Begin PBXVariantGroup section */
		E12102FC25F612D30060A8E8 /* Main.storyboard */ = {
			isa = PBXVariantGroup;
			children = (
				E12102FD25F612D30060A8E8 /* Base */,
			);
			name = Main.storyboard;
			sourceTree = "<group>";
		};
		E121030125F612D30060A8E8 /* LaunchScreen.storyboard */ = {
			isa = PBXVariantGroup;
			children = (
				E121030225F612D30060A8E8 /* Base */,
			);
			name = LaunchScreen.storyboard;
			sourceTree = "<group>";
		};
/* End PBXVariantGroup section */

/* Begin XCBuildConfiguration section */
		E121031B25F612D40060A8E8 /* Debug */ = {
			isa = XCBuildConfiguration;
			buildSettings = {
				ALWAYS_SEARCH_USER_PATHS = NO;
				CLANG_ANALYZER_NONNULL = YES;
				CLANG_ANALYZER_NUMBER_OBJECT_CONVERSION = YES_AGGRESSIVE;
				CLANG_CXX_LANGUAGE_STANDARD = "gnu++14";
				CLANG_CXX_LIBRARY = "libc++";
				CLANG_ENABLE_MODULES = YES;
				CLANG_ENABLE_OBJC_ARC = YES;
				CLANG_ENABLE_OBJC_WEAK = YES;
				CLANG_WARN_BLOCK_CAPTURE_AUTORELEASING = YES;
				CLANG_WARN_BOOL_CONVERSION = YES;
				CLANG_WARN_COMMA = YES;
				CLANG_WARN_CONSTANT_CONVERSION = YES;
				CLANG_WARN_DEPRECATED_OBJC_IMPLEMENTATIONS = YES;
				CLANG_WARN_DIRECT_OBJC_ISA_USAGE = YES_ERROR;
				CLANG_WARN_DOCUMENTATION_COMMENTS = YES;
				CLANG_WARN_EMPTY_BODY = YES;
				CLANG_WARN_ENUM_CONVERSION = YES;
				CLANG_WARN_INFINITE_RECURSION = YES;
				CLANG_WARN_INT_CONVERSION = YES;
				CLANG_WARN_NON_LITERAL_NULL_CONVERSION = YES;
				CLANG_WARN_OBJC_IMPLICIT_RETAIN_SELF = YES;
				CLANG_WARN_OBJC_LITERAL_CONVERSION = YES;
				CLANG_WARN_OBJC_ROOT_CLASS = YES_ERROR;
				CLANG_WARN_QUOTED_INCLUDE_IN_FRAMEWORK_HEADER = YES;
				CLANG_WARN_RANGE_LOOP_ANALYSIS = YES;
				CLANG_WARN_STRICT_PROTOTYPES = YES;
				CLANG_WARN_SUSPICIOUS_MOVE = YES;
				CLANG_WARN_UNGUARDED_AVAILABILITY = YES_AGGRESSIVE;
				CLANG_WARN_UNREACHABLE_CODE = YES;
				CLANG_WARN__DUPLICATE_METHOD_MATCH = YES;
				COPY_PHASE_STRIP = NO;
				DEBUG_INFORMATION_FORMAT = dwarf;
				ENABLE_STRICT_OBJC_MSGSEND = YES;
				ENABLE_TESTABILITY = YES;
				GCC_C_LANGUAGE_STANDARD = gnu11;
				GCC_DYNAMIC_NO_PIC = NO;
				GCC_NO_COMMON_BLOCKS = YES;
				GCC_OPTIMIZATION_LEVEL = 0;
				GCC_PREPROCESSOR_DEFINITIONS = (
					"DEBUG=1",
					"$(inherited)",
				);
				GCC_WARN_64_TO_32_BIT_CONVERSION = YES;
				GCC_WARN_ABOUT_RETURN_TYPE = YES_ERROR;
				GCC_WARN_UNDECLARED_SELECTOR = YES;
				GCC_WARN_UNINITIALIZED_AUTOS = YES_AGGRESSIVE;
				GCC_WARN_UNUSED_FUNCTION = YES;
				GCC_WARN_UNUSED_VARIABLE = YES;
				IPHONEOS_DEPLOYMENT_TARGET = 14.1;
				MTL_ENABLE_DEBUG_INFO = INCLUDE_SOURCE;
				MTL_FAST_MATH = YES;
				ONLY_ACTIVE_ARCH = YES;
				SDKROOT = iphoneos;
				SWIFT_ACTIVE_COMPILATION_CONDITIONS = DEBUG;
				SWIFT_OPTIMIZATION_LEVEL = "-Onone";
			};
			name = Debug;
		};
		E121031C25F612D40060A8E8 /* Release */ = {
			isa = XCBuildConfiguration;
			buildSettings = {
				ALWAYS_SEARCH_USER_PATHS = NO;
				CLANG_ANALYZER_NONNULL = YES;
				CLANG_ANALYZER_NUMBER_OBJECT_CONVERSION = YES_AGGRESSIVE;
				CLANG_CXX_LANGUAGE_STANDARD = "gnu++14";
				CLANG_CXX_LIBRARY = "libc++";
				CLANG_ENABLE_MODULES = YES;
				CLANG_ENABLE_OBJC_ARC = YES;
				CLANG_ENABLE_OBJC_WEAK = YES;
				CLANG_WARN_BLOCK_CAPTURE_AUTORELEASING = YES;
				CLANG_WARN_BOOL_CONVERSION = YES;
				CLANG_WARN_COMMA = YES;
				CLANG_WARN_CONSTANT_CONVERSION = YES;
				CLANG_WARN_DEPRECATED_OBJC_IMPLEMENTATIONS = YES;
				CLANG_WARN_DIRECT_OBJC_ISA_USAGE = YES_ERROR;
				CLANG_WARN_DOCUMENTATION_COMMENTS = YES;
				CLANG_WARN_EMPTY_BODY = YES;
				CLANG_WARN_ENUM_CONVERSION = YES;
				CLANG_WARN_INFINITE_RECURSION = YES;
				CLANG_WARN_INT_CONVERSION = YES;
				CLANG_WARN_NON_LITERAL_NULL_CONVERSION = YES;
				CLANG_WARN_OBJC_IMPLICIT_RETAIN_SELF = YES;
				CLANG_WARN_OBJC_LITERAL_CONVERSION = YES;
				CLANG_WARN_OBJC_ROOT_CLASS = YES_ERROR;
				CLANG_WARN_QUOTED_INCLUDE_IN_FRAMEWORK_HEADER = YES;
				CLANG_WARN_RANGE_LOOP_ANALYSIS = YES;
				CLANG_WARN_STRICT_PROTOTYPES = YES;
				CLANG_WARN_SUSPICIOUS_MOVE = YES;
				CLANG_WARN_UNGUARDED_AVAILABILITY = YES_AGGRESSIVE;
				CLANG_WARN_UNREACHABLE_CODE = YES;
				CLANG_WARN__DUPLICATE_METHOD_MATCH = YES;
				COPY_PHASE_STRIP = NO;
				DEBUG_INFORMATION_FORMAT = "dwarf-with-dsym";
				ENABLE_NS_ASSERTIONS = NO;
				ENABLE_STRICT_OBJC_MSGSEND = YES;
				GCC_C_LANGUAGE_STANDARD = gnu11;
				GCC_NO_COMMON_BLOCKS = YES;
				GCC_WARN_64_TO_32_BIT_CONVERSION = YES;
				GCC_WARN_ABOUT_RETURN_TYPE = YES_ERROR;
				GCC_WARN_UNDECLARED_SELECTOR = YES;
				GCC_WARN_UNINITIALIZED_AUTOS = YES_AGGRESSIVE;
				GCC_WARN_UNUSED_FUNCTION = YES;
				GCC_WARN_UNUSED_VARIABLE = YES;
				IPHONEOS_DEPLOYMENT_TARGET = 14.1;
				MTL_ENABLE_DEBUG_INFO = NO;
				MTL_FAST_MATH = YES;
				SDKROOT = iphoneos;
				SWIFT_COMPILATION_MODE = wholemodule;
				SWIFT_OPTIMIZATION_LEVEL = "-O";
				VALIDATE_PRODUCT = YES;
			};
			name = Release;
		};
		E121031E25F612D40060A8E8 /* Debug */ = {
			isa = XCBuildConfiguration;
			buildSettings = {
				ASSETCATALOG_COMPILER_APPICON_NAME = AppIcon;
				ASSETCATALOG_COMPILER_GLOBAL_ACCENT_COLOR_NAME = AccentColor;
				CODE_SIGN_STYLE = Automatic;
				DEVELOPMENT_TEAM = Q8B92A73NX;
				INFOPLIST_FILE = Udder/Info.plist;
				LD_RUNPATH_SEARCH_PATHS = (
					"$(inherited)",
					"@executable_path/Frameworks",
				);
				PRODUCT_BUNDLE_IDENTIFIER = com.sagar.Udder;
				PRODUCT_NAME = "$(TARGET_NAME)";
				SWIFT_VERSION = 5.0;
				TARGETED_DEVICE_FAMILY = "1,2";
			};
			name = Debug;
		};
		E121031F25F612D40060A8E8 /* Release */ = {
			isa = XCBuildConfiguration;
			buildSettings = {
				ASSETCATALOG_COMPILER_APPICON_NAME = AppIcon;
				ASSETCATALOG_COMPILER_GLOBAL_ACCENT_COLOR_NAME = AccentColor;
				CODE_SIGN_STYLE = Automatic;
				DEVELOPMENT_TEAM = Q8B92A73NX;
				INFOPLIST_FILE = Udder/Info.plist;
				LD_RUNPATH_SEARCH_PATHS = (
					"$(inherited)",
					"@executable_path/Frameworks",
				);
				PRODUCT_BUNDLE_IDENTIFIER = com.sagar.Udder;
				PRODUCT_NAME = "$(TARGET_NAME)";
				SWIFT_VERSION = 5.0;
				TARGETED_DEVICE_FAMILY = "1,2";
			};
			name = Release;
		};
		E121032125F612D40060A8E8 /* Debug */ = {
			isa = XCBuildConfiguration;
			buildSettings = {
				ALWAYS_EMBED_SWIFT_STANDARD_LIBRARIES = YES;
				BUNDLE_LOADER = "$(TEST_HOST)";
				CODE_SIGN_STYLE = Automatic;
				DEVELOPMENT_TEAM = Q8B92A73NX;
				INFOPLIST_FILE = UdderTests/Info.plist;
				IPHONEOS_DEPLOYMENT_TARGET = 14.1;
				LD_RUNPATH_SEARCH_PATHS = (
					"$(inherited)",
					"@executable_path/Frameworks",
					"@loader_path/Frameworks",
				);
				PRODUCT_BUNDLE_IDENTIFIER = com.sagar.UdderTests;
				PRODUCT_NAME = "$(TARGET_NAME)";
				SWIFT_VERSION = 5.0;
				TARGETED_DEVICE_FAMILY = "1,2";
				TEST_HOST = "$(BUILT_PRODUCTS_DIR)/Udder.app/Udder";
			};
			name = Debug;
		};
		E121032225F612D40060A8E8 /* Release */ = {
			isa = XCBuildConfiguration;
			buildSettings = {
				ALWAYS_EMBED_SWIFT_STANDARD_LIBRARIES = YES;
				BUNDLE_LOADER = "$(TEST_HOST)";
				CODE_SIGN_STYLE = Automatic;
				DEVELOPMENT_TEAM = Q8B92A73NX;
				INFOPLIST_FILE = UdderTests/Info.plist;
				IPHONEOS_DEPLOYMENT_TARGET = 14.1;
				LD_RUNPATH_SEARCH_PATHS = (
					"$(inherited)",
					"@executable_path/Frameworks",
					"@loader_path/Frameworks",
				);
				PRODUCT_BUNDLE_IDENTIFIER = com.sagar.UdderTests;
				PRODUCT_NAME = "$(TARGET_NAME)";
				SWIFT_VERSION = 5.0;
				TARGETED_DEVICE_FAMILY = "1,2";
				TEST_HOST = "$(BUILT_PRODUCTS_DIR)/Udder.app/Udder";
			};
			name = Release;
		};
		E121032425F612D40060A8E8 /* Debug */ = {
			isa = XCBuildConfiguration;
			buildSettings = {
				ALWAYS_EMBED_SWIFT_STANDARD_LIBRARIES = YES;
				CODE_SIGN_STYLE = Automatic;
				DEVELOPMENT_TEAM = Q8B92A73NX;
				INFOPLIST_FILE = UdderUITests/Info.plist;
				LD_RUNPATH_SEARCH_PATHS = (
					"$(inherited)",
					"@executable_path/Frameworks",
					"@loader_path/Frameworks",
				);
				PRODUCT_BUNDLE_IDENTIFIER = com.sagar.UdderUITests;
				PRODUCT_NAME = "$(TARGET_NAME)";
				SWIFT_VERSION = 5.0;
				TARGETED_DEVICE_FAMILY = "1,2";
				TEST_TARGET_NAME = Udder;
			};
			name = Debug;
		};
		E121032525F612D40060A8E8 /* Release */ = {
			isa = XCBuildConfiguration;
			buildSettings = {
				ALWAYS_EMBED_SWIFT_STANDARD_LIBRARIES = YES;
				CODE_SIGN_STYLE = Automatic;
				DEVELOPMENT_TEAM = Q8B92A73NX;
				INFOPLIST_FILE = UdderUITests/Info.plist;
				LD_RUNPATH_SEARCH_PATHS = (
					"$(inherited)",
					"@executable_path/Frameworks",
					"@loader_path/Frameworks",
				);
				PRODUCT_BUNDLE_IDENTIFIER = com.sagar.UdderUITests;
				PRODUCT_NAME = "$(TARGET_NAME)";
				SWIFT_VERSION = 5.0;
				TARGETED_DEVICE_FAMILY = "1,2";
				TEST_TARGET_NAME = Udder;
			};
			name = Release;
		};
/* End XCBuildConfiguration section */

/* Begin XCConfigurationList section */
		E12102EE25F612D30060A8E8 /* Build configuration list for PBXProject "Udder" */ = {
			isa = XCConfigurationList;
			buildConfigurations = (
				E121031B25F612D40060A8E8 /* Debug */,
				E121031C25F612D40060A8E8 /* Release */,
			);
			defaultConfigurationIsVisible = 0;
			defaultConfigurationName = Release;
		};
		E121031D25F612D40060A8E8 /* Build configuration list for PBXNativeTarget "Udder" */ = {
			isa = XCConfigurationList;
			buildConfigurations = (
				E121031E25F612D40060A8E8 /* Debug */,
				E121031F25F612D40060A8E8 /* Release */,
			);
			defaultConfigurationIsVisible = 0;
			defaultConfigurationName = Release;
		};
		E121032025F612D40060A8E8 /* Build configuration list for PBXNativeTarget "UdderTests" */ = {
			isa = XCConfigurationList;
			buildConfigurations = (
				E121032125F612D40060A8E8 /* Debug */,
				E121032225F612D40060A8E8 /* Release */,
			);
			defaultConfigurationIsVisible = 0;
			defaultConfigurationName = Release;
		};
		E121032325F612D40060A8E8 /* Build configuration list for PBXNativeTarget "UdderUITests" */ = {
			isa = XCConfigurationList;
			buildConfigurations = (
				E121032425F612D40060A8E8 /* Debug */,
				E121032525F612D40060A8E8 /* Release */,
			);
			defaultConfigurationIsVisible = 0;
			defaultConfigurationName = Release;
		};
/* End XCConfigurationList section */
	};
	rootObject = E12102EB25F612D30060A8E8 /* Project object */;
}
